{
  "requires": true,
  "lockfileVersion": 1,
  "dependencies": {
    "@handsontable/formulajs": {
      "version": "2.0.2",
      "resolved": "https://registry.npm.taobao.org/@handsontable/formulajs/download/@handsontable/formulajs-2.0.2.tgz",
      "integrity": "sha1-W+S5ImzEeBH2Rq5GsbmFIwzYKZU=",
      "requires": {
        "bessel": "^1.0.2",
        "jstat": "^1.9.2"
      }
    },
    "@types/pikaday": {
      "version": "1.7.4",
      "resolved": "https://registry.npm.taobao.org/@types/pikaday/download/@types/pikaday-1.7.4.tgz",
      "integrity": "sha1-qkH5KPD1rzGkplb0caeBd6kmCr8=",
      "requires": {
        "moment": ">=2.14.0"
      }
    },
    "bessel": {
      "version": "1.0.2",
      "resolved": "https://registry.npm.taobao.org/bessel/download/bessel-1.0.2.tgz",
      "integrity": "sha1-gogSKR4LYulJWc3qQ/rBhuinIC0="
    },
    "bignumber.js": {
      "version": "8.1.1",
      "resolved": "https://registry.npm.taobao.org/bignumber.js/download/bignumber.js-8.1.1.tgz",
      "integrity": "sha1-Swcq5a6pwg9nMOTl1SnfEnHE2IU="
    },
    "core-js": {
      "version": "3.6.4",
      "resolved": "https://registry.npm.taobao.org/core-js/download/core-js-3.6.4.tgz",
      "integrity": "sha1-RAqDU2tFgRS5yyrBWAujd9xHBkc="
    },
    "handsontable": {
      "version": "7.4.2",
      "resolved": "https://registry.npm.taobao.org/handsontable/download/handsontable-7.4.2.tgz",
      "integrity": "sha1-EQl7F8NuXf/Z9U/r3ZBMMAbE8o4=",
      "requires": {
        "@types/pikaday": "1.7.4",
        "core-js": "^3.0.0",
        "hot-formula-parser": "^3.0.1",
        "moment": "2.24.0",
        "numbro": "2.1.2",
        "pikaday": "1.8.0"
      }
    },
    "hot-formula-parser": {
      "version": "3.0.2",
      "resolved": "https://registry.npm.taobao.org/hot-formula-parser/download/hot-formula-parser-3.0.2.tgz",
      "integrity": "sha1-1x8DpO9DujB0veODoONiArW2QRY=",
      "requires": {
        "@handsontable/formulajs": "^2.0.2",
        "tiny-emitter": "^2.1.0"
      }
    },
    "jstat": {
      "version": "1.9.2",
      "resolved": "https://registry.npm.taobao.org/jstat/download/jstat-1.9.2.tgz",
      "integrity": "sha1-zS0k3yAP00iIYdx4aL4B/2WiOMw="
    },
    "moment": {
      "version": "2.24.0",
      "resolved": "https://registry.npm.taobao.org/moment/download/moment-2.24.0.tgz",
      "integrity": "sha1-DQVdU/UFKqZTyfbraLtdEr9cK1s="
    },
    "numbro": {
      "version": "2.1.2",
      "resolved": "https://registry.npm.taobao.org/numbro/download/numbro-2.1.2.tgz",
      "integrity": "sha1-LVEQTwm11prvfhW7Vl13leR+z9Y=",
      "requires": {
        "bignumber.js": "^8.0.1"
      }
    },
    "pikaday": {
      "version": "1.8.0",
      "resolved": "https://registry.npm.taobao.org/pikaday/download/pikaday-1.8.0.tgz",
      "integrity": "sha1-zpMOJXBC6FLmqt7hEV4BVUstccU="
    },
    "tiny-emitter": {
      "version": "2.1.0",
      "resolved": "https://registry.npm.taobao.org/tiny-emitter/download/tiny-emitter-2.1.0.tgz",
      "integrity": "sha1-HRpW7fxRxD6GPLtTgqcjMONVVCM="
    }
  }
}
